
Microsoft Visual Studio Solution File, Format Version 12.00
# Visual Studio Version 17
VisualStudioVersion = 17.12.35527.113
MinimumVisualStudioVersion = 10.0.40219.1
Project("{FAE04EC0-301F-11D3-BF4B-00C04F79EFBC}") = "AvtoService", "AvtoService\AvtoService.csproj", "{6699A0A5-C85D-4488-BEFE-FA35BB22B202}"
	ProjectSection(ProjectDependencies) = postProject
		{FD3110B4-FBCB-498A-BF97-3DF0679809AF} = {FD3110B4-FBCB-498A-BF97-3DF0679809AF}
	EndProjectSection
EndProject
Project("{FAE04EC0-301F-11D3-BF4B-00C04F79EFBC}") = "AutoService.API", "AutoService.API\AutoService.API.csproj", "{FD3110B4-FBCB-498A-BF97-3DF0679809AF}"
	ProjectSection(ProjectDependencies) = postProject
		{C2E447D4-A721-4D16-8650-286F35BB80B8} = {C2E447D4-A721-4D16-8650-286F35BB80B8}
	EndProjectSection
EndProject
Project("{FAE04EC0-301F-11D3-BF4B-00C04F79EFBC}") = "AvtoService.Data", "AvtoService.Data\AvtoService.Data.csproj", "{C2E447D4-A721-4D16-8650-286F35BB80B8}"
EndProject
Global
	GlobalSection(SolutionConfigurationPlatforms) = preSolution
		Debug|Any CPU = Debug|Any CPU
		Release|Any CPU = Release|Any CPU
	EndGlobalSection
	GlobalSection(ProjectConfigurationPlatforms) = postSolution
		{6699A0A5-C85D-4488-BEFE-FA35BB22B202}.Debug|Any CPU.ActiveCfg = Debug|Any CPU
		{6699A0A5-C85D-4488-BEFE-FA35BB22B202}.Debug|Any CPU.Build.0 = Debug|Any CPU
		{6699A0A5-C85D-4488-BEFE-FA35BB22B202}.Release|Any CPU.ActiveCfg = Release|Any CPU
		{6699A0A5-C85D-4488-BEFE-FA35BB22B202}.Release|Any CPU.Build.0 = Release|Any CPU
		{FD3110B4-FBCB-498A-BF97-3DF0679809AF}.Debug|Any CPU.ActiveCfg = Debug|Any CPU
		{FD3110B4-FBCB-498A-BF97-3DF0679809AF}.Debug|Any CPU.Build.0 = Debug|Any CPU
		{FD3110B4-FBCB-498A-BF97-3DF0679809AF}.Release|Any CPU.ActiveCfg = Release|Any CPU
		{FD3110B4-FBCB-498A-BF97-3DF0679809AF}.Release|Any CPU.Build.0 = Release|Any CPU
		{C2E447D4-A721-4D16-8650-286F35BB80B8}.Debug|Any CPU.ActiveCfg = Debug|Any CPU
		{C2E447D4-A721-4D16-8650-286F35BB80B8}.Debug|Any CPU.Build.0 = Debug|Any CPU
		{C2E447D4-A721-4D16-8650-286F35BB80B8}.Release|Any CPU.ActiveCfg = Release|Any CPU
		{C2E447D4-A721-4D16-8650-286F35BB80B8}.Release|Any CPU.Build.0 = Release|Any CPU
	EndGlobalSection
	GlobalSection(SolutionProperties) = preSolution
		HideSolutionNode = FALSE
	EndGlobalSection
EndGlobal
